
Microsoft Visual Studio Solution File, Format Version 12.00
Project("{FAE04EC0-301F-11D3-BF4B-00C04F79EFBC}") = "Trainabl.Client", "Trainabl.Client\Trainabl.Client.csproj", "{AB439953-8C81-46CE-8C98-F8E57A7CBCE7}"
EndProject
Project("{FAE04EC0-301F-11D3-BF4B-00C04F79EFBC}") = "Trainabl.Server", "Trainabl.Server\Trainabl.Server.csproj", "{6FB2543E-8CBB-48FB-A58D-EC7B654A9792}"
EndProject
Project("{FAE04EC0-301F-11D3-BF4B-00C04F79EFBC}") = "Trainabl.Shared", "Trainabl.Shared\Trainabl.Shared.csproj", "{7A742C05-EC76-438B-A6BE-3A4BEA745394}"
EndProject
Global
	GlobalSection(SolutionConfigurationPlatforms) = preSolution
		Debug|Any CPU = Debug|Any CPU
		Release|Any CPU = Release|Any CPU
	EndGlobalSection
	GlobalSection(ProjectConfigurationPlatforms) = postSolution
		{AB439953-8C81-46CE-8C98-F8E57A7CBCE7}.Debug|Any CPU.ActiveCfg = Debug|Any CPU
		{AB439953-8C81-46CE-8C98-F8E57A7CBCE7}.Debug|Any CPU.Build.0 = Debug|Any CPU
		{AB439953-8C81-46CE-8C98-F8E57A7CBCE7}.Release|Any CPU.ActiveCfg = Release|Any CPU
		{AB439953-8C81-46CE-8C98-F8E57A7CBCE7}.Release|Any CPU.Build.0 = Release|Any CPU
		{6FB2543E-8CBB-48FB-A58D-EC7B654A9792}.Debug|Any CPU.ActiveCfg = Debug|Any CPU
		{6FB2543E-8CBB-48FB-A58D-EC7B654A9792}.Debug|Any CPU.Build.0 = Debug|Any CPU
		{6FB2543E-8CBB-48FB-A58D-EC7B654A9792}.Release|Any CPU.ActiveCfg = Release|Any CPU
		{6FB2543E-8CBB-48FB-A58D-EC7B654A9792}.Release|Any CPU.Build.0 = Release|Any CPU
		{7A742C05-EC76-438B-A6BE-3A4BEA745394}.Debug|Any CPU.ActiveCfg = Debug|Any CPU
		{7A742C05-EC76-438B-A6BE-3A4BEA745394}.Debug|Any CPU.Build.0 = Debug|Any CPU
		{7A742C05-EC76-438B-A6BE-3A4BEA745394}.Release|Any CPU.ActiveCfg = Release|Any CPU
		{7A742C05-EC76-438B-A6BE-3A4BEA745394}.Release|Any CPU.Build.0 = Release|Any CPU
	EndGlobalSection
EndGlobal
